// !$*UTF8*$!
{
	archiveVersion = 1;
	classes = {
	};
	objectVersion = 48;
	objects = {

/* Begin PBXBuildFile section */
		1529B0D958B0A02B1E142B94 /* Pods_Skycatch_Challenge1.framework in Frameworks */ = {isa = PBXBuildFile; fileRef = 4014A70225DAC2B3C9C0E8DA /* Pods_Skycatch_Challenge1.framework */; };
		84091CE41F8BAB250090DBEE /* AppDelegate.swift in Sources */ = {isa = PBXBuildFile; fileRef = 84091CE31F8BAB250090DBEE /* AppDelegate.swift */; };
		84091CE61F8BAB250090DBEE /* ViewController.swift in Sources */ = {isa = PBXBuildFile; fileRef = 84091CE51F8BAB250090DBEE /* ViewController.swift */; };
		84091CE91F8BAB250090DBEE /* Main.storyboard in Resources */ = {isa = PBXBuildFile; fileRef = 84091CE71F8BAB250090DBEE /* Main.storyboard */; };
		84091CEB1F8BAB250090DBEE /* Assets.xcassets in Resources */ = {isa = PBXBuildFile; fileRef = 84091CEA1F8BAB250090DBEE /* Assets.xcassets */; };
		84091CEE1F8BAB250090DBEE /* LaunchScreen.storyboard in Resources */ = {isa = PBXBuildFile; fileRef = 84091CEC1F8BAB250090DBEE /* LaunchScreen.storyboard */; };
/* End PBXBuildFile section */

/* Begin PBXFileReference section */
		4014A70225DAC2B3C9C0E8DA /* Pods_Skycatch_Challenge1.framework */ = {isa = PBXFileReference; explicitFileType = wrapper.framework; includeInIndex = 0; path = Pods_Skycatch_Challenge1.framework; sourceTree = BUILT_PRODUCTS_DIR; };
		73CD905BDED7FCE8410934F2 /* Pods-Skycatch-Challenge1.release.xcconfig */ = {isa = PBXFileReference; includeInIndex = 1; lastKnownFileType = text.xcconfig; name = "Pods-Skycatch-Challenge1.release.xcconfig"; path = "Pods/Target Support Files/Pods-Skycatch-Challenge1/Pods-Skycatch-Challenge1.release.xcconfig"; sourceTree = "<group>"; };
		84091CE01F8BAB250090DBEE /* Skycatch-Challenge1.app */ = {isa = PBXFileReference; explicitFileType = wrapper.application; includeInIndex = 0; path = "Skycatch-Challenge1.app"; sourceTree = BUILT_PRODUCTS_DIR; };
		84091CE31F8BAB250090DBEE /* AppDelegate.swift */ = {isa = PBXFileReference; lastKnownFileType = sourcecode.swift; path = AppDelegate.swift; sourceTree = "<group>"; };
		84091CE51F8BAB250090DBEE /* ViewController.swift */ = {isa = PBXFileReference; lastKnownFileType = sourcecode.swift; path = ViewController.swift; sourceTree = "<group>"; };
		84091CE81F8BAB250090DBEE /* Base */ = {isa = PBXFileReference; lastKnownFileType = file.storyboard; name = Base; path = Base.lproj/Main.storyboard; sourceTree = "<group>"; };
		84091CEA1F8BAB250090DBEE /* Assets.xcassets */ = {isa = PBXFileReference; lastKnownFileType = folder.assetcatalog; path = Assets.xcassets; sourceTree = "<group>"; };
		84091CED1F8BAB250090DBEE /* Base */ = {isa = PBXFileReference; lastKnownFileType = file.storyboard; name = Base; path = Base.lproj/LaunchScreen.storyboard; sourceTree = "<group>"; };
		84091CEF1F8BAB250090DBEE /* Info.plist */ = {isa = PBXFileReference; lastKnownFileType = text.plist.xml; path = Info.plist; sourceTree = "<group>"; };
		CC9A7ADA9D527AEBBDF3C2AA /* Pods-Skycatch-Challenge1.debug.xcconfig */ = {isa = PBXFileReference; includeInIndex = 1; lastKnownFileType = text.xcconfig; name = "Pods-Skycatch-Challenge1.debug.xcconfig"; path = "Pods/Target Support Files/Pods-Skycatch-Challenge1/Pods-Skycatch-Challenge1.debug.xcconfig"; sourceTree = "<group>"; };
/* End PBXFileReference section */

/* Begin PBXFrameworksBuildPhase section */
		84091CDD1F8BAB250090DBEE /* Frameworks */ = {
			isa = PBXFrameworksBuildPhase;
			buildActionMask = 2147483647;
			files = (
				1529B0D958B0A02B1E142B94 /* Pods_Skycatch_Challenge1.framework in Frameworks */,
			);
			runOnlyForDeploymentPostprocessing = 0;
		};
/* End PBXFrameworksBuildPhase section */

/* Begin PBXGroup section */
		3F48E62EF8F290B7D054910F /* Frameworks */ = {
			isa = PBXGroup;
			children = (
				4014A70225DAC2B3C9C0E8DA /* Pods_Skycatch_Challenge1.framework */,
			);
			name = Frameworks;
			sourceTree = "<group>";
		};
		716D250BE799F4756C284F9D /* Pods */ = {
			isa = PBXGroup;
			children = (
				CC9A7ADA9D527AEBBDF3C2AA /* Pods-Skycatch-Challenge1.debug.xcconfig */,
				73CD905BDED7FCE8410934F2 /* Pods-Skycatch-Challenge1.release.xcconfig */,
			);
			name = Pods;
			sourceTree = "<group>";
		};
		84091CD71F8BAB250090DBEE = {
			isa = PBXGroup;
			children = (
				84091CE21F8BAB250090DBEE /* Skycatch-Challenge1 */,
				84091CE11F8BAB250090DBEE /* Products */,
				716D250BE799F4756C284F9D /* Pods */,
				3F48E62EF8F290B7D054910F /* Frameworks */,
			);
			sourceTree = "<group>";
		};
		84091CE11F8BAB250090DBEE /* Products */ = {
			isa = PBXGroup;
			children = (
				84091CE01F8BAB250090DBEE /* Skycatch-Challenge1.app */,
			);
			name = Products;
			sourceTree = "<group>";
		};
		84091CE21F8BAB250090DBEE /* Skycatch-Challenge1 */ = {
			isa = PBXGroup;
			children = (
				84091CF71F8BAC730090DBEE /* Model */,
				84091CF61F8BAC6F0090DBEE /* View */,
				84091CF51F8BAC680090DBEE /* Controller */,
				84091CF81F8BAC780090DBEE /* Utilities */,
				84091CE31F8BAB250090DBEE /* AppDelegate.swift */,
				84091CE71F8BAB250090DBEE /* Main.storyboard */,
				84091CEA1F8BAB250090DBEE /* Assets.xcassets */,
				84091CEC1F8BAB250090DBEE /* LaunchScreen.storyboard */,
				84091CEF1F8BAB250090DBEE /* Info.plist */,
			);
			path = "Skycatch-Challenge1";
			sourceTree = "<group>";
		};
		84091CF51F8BAC680090DBEE /* Controller */ = {
			isa = PBXGroup;
			children = (
				84091CE51F8BAB250090DBEE /* ViewController.swift */,
			);
			path = Controller;
			sourceTree = "<group>";
		};
		84091CF61F8BAC6F0090DBEE /* View */ = {
			isa = PBXGroup;
			children = (
			);
			path = View;
			sourceTree = "<group>";
		};
		84091CF71F8BAC730090DBEE /* Model */ = {
			isa = PBXGroup;
			children = (
			);
			path = Model;
			sourceTree = "<group>";
		};
		84091CF81F8BAC780090DBEE /* Utilities */ = {
			isa = PBXGroup;
			children = (
			);
			path = Utilities;
			sourceTree = "<group>";
		};
/* End PBXGroup section */

/* Begin PBXNativeTarget section */
		84091CDF1F8BAB250090DBEE /* Skycatch-Challenge1 */ = {
			isa = PBXNativeTarget;
			buildConfigurationList = 84091CF21F8BAB250090DBEE /* Build configuration list for PBXNativeTarget "Skycatch-Challenge1" */;
			buildPhases = (
				9A5898C7EFAE855823961205 /* [CP] Check Pods Manifest.lock */,
				84091CDC1F8BAB250090DBEE /* Sources */,
				84091CDD1F8BAB250090DBEE /* Frameworks */,
				84091CDE1F8BAB250090DBEE /* Resources */,
				532DE5E3C365B6205E4A7439 /* [CP] Embed Pods Frameworks */,
				8321C13D1302888B8F28BFB4 /* [CP] Copy Pods Resources */,
			);
			buildRules = (
			);
			dependencies = (
			);
			name = "Skycatch-Challenge1";
			productName = "Skycatch-Challenge1";
			productReference = 84091CE01F8BAB250090DBEE /* Skycatch-Challenge1.app */;
			productType = "com.apple.product-type.application";
		};
/* End PBXNativeTarget section */

/* Begin PBXProject section */
		84091CD81F8BAB250090DBEE /* Project object */ = {
			isa = PBXProject;
			attributes = {
				LastSwiftUpdateCheck = 0900;
				LastUpgradeCheck = 0900;
				ORGANIZATIONNAME = TJSchoost;
				TargetAttributes = {
					84091CDF1F8BAB250090DBEE = {
						CreatedOnToolsVersion = 9.0;
						ProvisioningStyle = Automatic;
					};
				};
			};
			buildConfigurationList = 84091CDB1F8BAB250090DBEE /* Build configuration list for PBXProject "Skycatch-Challenge1" */;
			compatibilityVersion = "Xcode 8.0";
			developmentRegion = en;
			hasScannedForEncodings = 0;
			knownRegions = (
				en,
				Base,
			);
			mainGroup = 84091CD71F8BAB250090DBEE;
			productRefGroup = 84091CE11F8BAB250090DBEE /* Products */;
			projectDirPath = "";
			projectRoot = "";
			targets = (
				84091CDF1F8BAB250090DBEE /* Skycatch-Challenge1 */,
			);
		};
/* End PBXProject section */

/* Begin PBXResourcesBuildPhase section */
		84091CDE1F8BAB250090DBEE /* Resources */ = {
			isa = PBXResourcesBuildPhase;
			buildActionMask = 2147483647;
			files = (
				84091CEE1F8BAB250090DBEE /* LaunchScreen.storyboard in Resources */,
				84091CEB1F8BAB250090DBEE /* Assets.xcassets in Resources */,
				84091CE91F8BAB250090DBEE /* Main.storyboard in Resources */,
			);
			runOnlyForDeploymentPostprocessing = 0;
		};
/* End PBXResourcesBuildPhase section */

/* Begin PBXShellScriptBuildPhase section */
		532DE5E3C365B6205E4A7439 /* [CP] Embed Pods Frameworks */ = {
			isa = PBXShellScriptBuildPhase;
			buildActionMask = 2147483647;
			files = (
			);
			inputPaths = (
			);
			name = "[CP] Embed Pods Frameworks";
			outputPaths = (
			);
			runOnlyForDeploymentPostprocessing = 0;
			shellPath = /bin/sh;
			shellScript = "\"${SRCROOT}/Pods/Target Support Files/Pods-Skycatch-Challenge1/Pods-Skycatch-Challenge1-frameworks.sh\"\n";
			showEnvVarsInLog = 0;
		};
		8321C13D1302888B8F28BFB4 /* [CP] Copy Pods Resources */ = {
			isa = PBXShellScriptBuildPhase;
			buildActionMask = 2147483647;
			files = (
			);
			inputPaths = (
			);
			name = "[CP] Copy Pods Resources";
			outputPaths = (
			);
			runOnlyForDeploymentPostprocessing = 0;
			shellPath = /bin/sh;
			shellScript = "\"${SRCROOT}/Pods/Target Support Files/Pods-Skycatch-Challenge1/Pods-Skycatch-Challenge1-resources.sh\"\n";
			showEnvVarsInLog = 0;
		};
		9A5898C7EFAE855823961205 /* [CP] Check Pods Manifest.lock */ = {
			isa = PBXShellScriptBuildPhase;
			buildActionMask = 2147483647;
			files = (
			);
			inputPaths = (
			);
			name = "[CP] Check Pods Manifest.lock";
			outputPaths = (
			);
			runOnlyForDeploymentPostprocessing = 0;
			shellPath = /bin/sh;
			shellScript = "diff \"${PODS_ROOT}/../Podfile.lock\" \"${PODS_ROOT}/Manifest.lock\" > /dev/null\nif [ $? != 0 ] ; then\n    # print error to STDERR\n    echo \"error: The sandbox is not in sync with the Podfile.lock. Run 'pod install' or update your CocoaPods installation.\" >&2\n    exit 1\nfi\n";
			showEnvVarsInLog = 0;
		};
/* End PBXShellScriptBuildPhase section */

/* Begin PBXSourcesBuildPhase section */
		84091CDC1F8BAB250090DBEE /* Sources */ = {
			isa = PBXSourcesBuildPhase;
			buildActionMask = 2147483647;
			files = (
				84091CE61F8BAB250090DBEE /* ViewController.swift in Sources */,
				84091CE41F8BAB250090DBEE /* AppDelegate.swift in Sources */,
			);
			runOnlyForDeploymentPostprocessing = 0;
		};
/* End PBXSourcesBuildPhase section */

/* Begin PBXVariantGroup section */
		84091CE71F8BAB250090DBEE /* Main.storyboard */ = {
			isa = PBXVariantGroup;
			children = (
				84091CE81F8BAB250090DBEE /* Base */,
			);
			name = Main.storyboard;
			sourceTree = "<group>";
		};
		84091CEC1F8BAB250090DBEE /* LaunchScreen.storyboard */ = {
			isa = PBXVariantGroup;
			children = (
				84091CED1F8BAB250090DBEE /* Base */,
			);
			name = LaunchScreen.storyboard;
			sourceTree = "<group>";
		};
/* End PBXVariantGroup section */

/* Begin XCBuildConfiguration section */
		84091CF01F8BAB250090DBEE /* Debug */ = {
			isa = XCBuildConfiguration;
			buildSettings = {
				ALWAYS_SEARCH_USER_PATHS = NO;
				CLANG_ANALYZER_NONNULL = YES;
				CLANG_ANALYZER_NUMBER_OBJECT_CONVERSION = YES_AGGRESSIVE;
				CLANG_CXX_LANGUAGE_STANDARD = "gnu++14";
				CLANG_CXX_LIBRARY = "libc++";
				CLANG_ENABLE_MODULES = YES;
				CLANG_ENABLE_OBJC_ARC = YES;
				CLANG_WARN_BLOCK_CAPTURE_AUTORELEASING = YES;
				CLANG_WARN_BOOL_CONVERSION = YES;
				CLANG_WARN_COMMA = YES;
				CLANG_WARN_CONSTANT_CONVERSION = YES;
				CLANG_WARN_DIRECT_OBJC_ISA_USAGE = YES_ERROR;
				CLANG_WARN_DOCUMENTATION_COMMENTS = YES;
				CLANG_WARN_EMPTY_BODY = YES;
				CLANG_WARN_ENUM_CONVERSION = YES;
				CLANG_WARN_INFINITE_RECURSION = YES;
				CLANG_WARN_INT_CONVERSION = YES;
				CLANG_WARN_NON_LITERAL_NULL_CONVERSION = YES;
				CLANG_WARN_OBJC_LITERAL_CONVERSION = YES;
				CLANG_WARN_OBJC_ROOT_CLASS = YES_ERROR;
				CLANG_WARN_RANGE_LOOP_ANALYSIS = YES;
				CLANG_WARN_STRICT_PROTOTYPES = YES;
				CLANG_WARN_SUSPICIOUS_MOVE = YES;
				CLANG_WARN_UNGUARDED_AVAILABILITY = YES_AGGRESSIVE;
				CLANG_WARN_UNREACHABLE_CODE = YES;
				CLANG_WARN__DUPLICATE_METHOD_MATCH = YES;
				CODE_SIGN_IDENTITY = "iPhone Developer";
				COPY_PHASE_STRIP = NO;
				DEBUG_INFORMATION_FORMAT = dwarf;
				ENABLE_STRICT_OBJC_MSGSEND = YES;
				ENABLE_TESTABILITY = YES;
				GCC_C_LANGUAGE_STANDARD = gnu11;
				GCC_DYNAMIC_NO_PIC = NO;
				GCC_NO_COMMON_BLOCKS = YES;
				GCC_OPTIMIZATION_LEVEL = 0;
				GCC_PREPROCESSOR_DEFINITIONS = (
					"DEBUG=1",
					"$(inherited)",
				);
				GCC_WARN_64_TO_32_BIT_CONVERSION = YES;
				GCC_WARN_ABOUT_RETURN_TYPE = YES_ERROR;
				GCC_WARN_UNDECLARED_SELECTOR = YES;
				GCC_WARN_UNINITIALIZED_AUTOS = YES_AGGRESSIVE;
				GCC_WARN_UNUSED_FUNCTION = YES;
				GCC_WARN_UNUSED_VARIABLE = YES;
				IPHONEOS_DEPLOYMENT_TARGET = 11.0;
				MTL_ENABLE_DEBUG_INFO = YES;
				ONLY_ACTIVE_ARCH = YES;
				SDKROOT = iphoneos;
				SWIFT_ACTIVE_COMPILATION_CONDITIONS = DEBUG;
				SWIFT_OPTIMIZATION_LEVEL = "-Onone";
			};
			name = Debug;
		};
		84091CF11F8BAB250090DBEE /* Release */ = {
			isa = XCBuildConfiguration;
			buildSettings = {
				ALWAYS_SEARCH_USER_PATHS = NO;
				CLANG_ANALYZER_NONNULL = YES;
				CLANG_ANALYZER_NUMBER_OBJECT_CONVERSION = YES_AGGRESSIVE;
				CLANG_CXX_LANGUAGE_STANDARD = "gnu++14";
				CLANG_CXX_LIBRARY = "libc++";
				CLANG_ENABLE_MODULES = YES;
				CLANG_ENABLE_OBJC_ARC = YES;
				CLANG_WARN_BLOCK_CAPTURE_AUTORELEASING = YES;
				CLANG_WARN_BOOL_CONVERSION = YES;
				CLANG_WARN_COMMA = YES;
				CLANG_WARN_CONSTANT_CONVERSION = YES;
				CLANG_WARN_DIRECT_OBJC_ISA_USAGE = YES_ERROR;
				CLANG_WARN_DOCUMENTATION_COMMENTS = YES;
				CLANG_WARN_EMPTY_BODY = YES;
				CLANG_WARN_ENUM_CONVERSION = YES;
				CLANG_WARN_INFINITE_RECURSION = YES;
				CLANG_WARN_INT_CONVERSION = YES;
				CLANG_WARN_NON_LITERAL_NULL_CONVERSION = YES;
				CLANG_WARN_OBJC_LITERAL_CONVERSION = YES;
				CLANG_WARN_OBJC_ROOT_CLASS = YES_ERROR;
				CLANG_WARN_RANGE_LOOP_ANALYSIS = YES;
				CLANG_WARN_STRICT_PROTOTYPES = YES;
				CLANG_WARN_SUSPICIOUS_MOVE = YES;
				CLANG_WARN_UNGUARDED_AVAILABILITY = YES_AGGRESSIVE;
				CLANG_WARN_UNREACHABLE_CODE = YES;
				CLANG_WARN__DUPLICATE_METHOD_MATCH = YES;
				CODE_SIGN_IDENTITY = "iPhone Developer";
				COPY_PHASE_STRIP = NO;
				DEBUG_INFORMATION_FORMAT = "dwarf-with-dsym";
				ENABLE_NS_ASSERTIONS = NO;
				ENABLE_STRICT_OBJC_MSGSEND = YES;
				GCC_C_LANGUAGE_STANDARD = gnu11;
				GCC_NO_COMMON_BLOCKS = YES;
				GCC_WARN_64_TO_32_BIT_CONVERSION = YES;
				GCC_WARN_ABOUT_RETURN_TYPE = YES_ERROR;
				GCC_WARN_UNDECLARED_SELECTOR = YES;
				GCC_WARN_UNINITIALIZED_AUTOS = YES_AGGRESSIVE;
				GCC_WARN_UNUSED_FUNCTION = YES;
				GCC_WARN_UNUSED_VARIABLE = YES;
				IPHONEOS_DEPLOYMENT_TARGET = 11.0;
				MTL_ENABLE_DEBUG_INFO = NO;
				SDKROOT = iphoneos;
				SWIFT_OPTIMIZATION_LEVEL = "-Owholemodule";
				VALIDATE_PRODUCT = YES;
			};
			name = Release;
		};
		84091CF31F8BAB250090DBEE /* Debug */ = {
			isa = XCBuildConfiguration;
			baseConfigurationReference = CC9A7ADA9D527AEBBDF3C2AA /* Pods-Skycatch-Challenge1.debug.xcconfig */;
			buildSettings = {
				ASSETCATALOG_COMPILER_APPICON_NAME = AppIcon;
				CODE_SIGN_STYLE = Automatic;
				DEVELOPMENT_TEAM = JE8VMAJF52;
				INFOPLIST_FILE = "Skycatch-Challenge1/Info.plist";
				IPHONEOS_DEPLOYMENT_TARGET = 11.0;
				LD_RUNPATH_SEARCH_PATHS = "$(inherited) @executable_path/Frameworks";
				PRODUCT_BUNDLE_IDENTIFIER = "com.tjschoost.Skycatch-Challenge1";
				PRODUCT_NAME = "$(TARGET_NAME)";
				SWIFT_VERSION = 4.0;
				TARGETED_DEVICE_FAMILY = "1,2";
			};
			name = Debug;
		};
		84091CF41F8BAB250090DBEE /* Release */ = {
			isa = XCBuildConfiguration;
			baseConfigurationReference = 73CD905BDED7FCE8410934F2 /* Pods-Skycatch-Challenge1.release.xcconfig */;
			buildSettings = {
				ASSETCATALOG_COMPILER_APPICON_NAME = AppIcon;
				CODE_SIGN_STYLE = Automatic;
				DEVELOPMENT_TEAM = JE8VMAJF52;
				INFOPLIST_FILE = "Skycatch-Challenge1/Info.plist";
				IPHONEOS_DEPLOYMENT_TARGET = 11.0;
				LD_RUNPATH_SEARCH_PATHS = "$(inherited) @executable_path/Frameworks";
				PRODUCT_BUNDLE_IDENTIFIER = "com.tjschoost.Skycatch-Challenge1";
				PRODUCT_NAME = "$(TARGET_NAME)";
				SWIFT_VERSION = 4.0;
				TARGETED_DEVICE_FAMILY = "1,2";
			};
			name = Release;
		};
/* End XCBuildConfiguration section */

/* Begin XCConfigurationList section */
		84091CDB1F8BAB250090DBEE /* Build configuration list for PBXProject "Skycatch-Challenge1" */ = {
			isa = XCConfigurationList;
			buildConfigurations = (
				84091CF01F8BAB250090DBEE /* Debug */,
				84091CF11F8BAB250090DBEE /* Release */,
			);
			defaultConfigurationIsVisible = 0;
			defaultConfigurationName = Release;
		};
		84091CF21F8BAB250090DBEE /* Build configuration list for PBXNativeTarget "Skycatch-Challenge1" */ = {
			isa = XCConfigurationList;
			buildConfigurations = (
				84091CF31F8BAB250090DBEE /* Debug */,
				84091CF41F8BAB250090DBEE /* Release */,
			);
			defaultConfigurationIsVisible = 0;
			defaultConfigurationName = Release;
		};
/* End XCConfigurationList section */
	};
	rootObject = 84091CD81F8BAB250090DBEE /* Project object */;
}
